{
  "name": "domain-browser",
  "version": "4.16.0",
  "lockfileVersion": 1,
  "requires": true,
  "dependencies": {
    "@bevry/ansi": {
      "version": "1.2.0",
      "resolved": "https://registry.npmjs.org/@bevry/ansi/-/ansi-1.2.0.tgz",
      "integrity": "sha512-HAahyVq+yyYRSbw+OnQuNlLApGm8eRWFuuwc/kJbcCw8jBdZ3cPo5a2acO8HXcilJkD3avpSaOAW5QuShc95iw==",
      "dev": true
    },
    "@bevry/update-contributors": {
      "version": "1.14.0",
      "resolved": "https://registry.npmjs.org/@bevry/update-contributors/-/update-contributors-1.14.0.tgz",
      "integrity": "sha512-uXvwaHADI6f4wddM88EYRfIbDK87T7XCCIc3t7Mkuyka41mb6vxAUgNZoJQYC1eILQaRp7YQ0ggLzkR/Ylw7Aw==",
      "dev": true,
      "requires": {
        "getcontributors": "^2.19.0"
      }
    },
    "@types/ansicolors": {
      "version": "0.0.33",
      "resolved": "https://registry.npmjs.org/@types/ansicolors/-/ansicolors-0.0.33.tgz",
      "integrity": "sha512-dVS1WW/BqYdwbv1H0Cgpq8ChV4VowUXz+R7pYKGEHhF+mdg/MibuE+6Et/GBxg6nfKKFVf2ZsQkyr7XNR2SqxA==",
      "dev": true
    },
    "@types/diff": {
      "version": "4.0.2",
      "resolved": "https://registry.npmjs.org/@types/diff/-/diff-4.0.2.tgz",
      "integrity": "sha512-mIenTfsIe586/yzsyfql69KRnA75S8SVXQbTLpDejRrjH0QSJcpu3AUOi/Vjnt9IOsXKxPhJfGpQUNMueIU1fQ==",
      "dev": true
    },
    "@types/node": {
      "version": "14.0.27",
      "resolved": "https://registry.npmjs.org/@types/node/-/node-14.0.27.tgz",
      "integrity": "sha512-kVrqXhbclHNHGu9ztnAwSncIgJv/FaxmzXJvGXNdcCpV1b8u1/Mi6z6m0vwy0LzKeXFTPLH0NzwmoJ3fNCIq0g==",
      "dev": true
    },
    "ambi": {
      "version": "3.2.0",
      "resolved": "https://registry.npmjs.org/ambi/-/ambi-3.2.0.tgz",
      "integrity": "sha512-nj5sHLPFd7u2OLmHdFs4DHt3gK6edpNw35hTRIKyI/Vd2Th5e4io50rw1lhmCdUNO2Mm4/4FkHmv6shEANAWcw==",
      "dev": true,
      "requires": {
        "editions": "^2.1.0",
        "typechecker": "^4.3.0"
      },
      "dependencies": {
        "editions": {
          "version": "2.3.1",
          "resolved": "https://registry.npmjs.org/editions/-/editions-2.3.1.tgz",
          "integrity": "sha512-ptGvkwTvGdGfC0hfhKg0MT+TRLRKGtUiWGBInxOm5pz7ssADezahjCUaYuZ8Dr+C05FW0AECIIPt4WBxVINEhA==",
          "dev": true,
          "requires": {
            "errlop": "^2.0.0",
            "semver": "^6.3.0"
          }
        },
        "errlop": {
          "version": "2.2.0",
          "resolved": "https://registry.npmjs.org/errlop/-/errlop-2.2.0.tgz",
          "integrity": "sha512-e64Qj9+4aZzjzzFpZC7p5kmm/ccCrbLhAJplhsDXQFs87XTsXwOpH4s1Io2s90Tau/8r2j9f4l/thhDevRjzxw==",
          "dev": true
        }
      }
    },
    "ansicolors": {
      "version": "0.3.2",
      "resolved": "https://registry.npmjs.org/ansicolors/-/ansicolors-0.3.2.tgz",
      "integrity": "sha1-ZlWX3oap/+Oqm/vmyuXG6kJrSXk=",
      "dev": true
    },
    "assert-helpers": {
      "version": "6.19.0",
      "resolved": "https://registry.npmjs.org/assert-helpers/-/assert-helpers-6.19.0.tgz",
      "integrity": "sha512-2YQ4fNEKXG83AGNgBEnX76z+t/IMlr3mwFQleDLmVQo3ccVeTHFmXFh88GpGhxYV9VEelkiqha1MRkHsuDgJMQ==",
      "dev": true,
      "requires": {
        "@types/ansicolors": "^0.0.33",
        "@types/diff": "^4.0.2",
        "@types/node": "^14.0.27",
        "ansicolors": "^0.3.2",
        "diff": "^4.0.2",
        "errlop": "^3.14.0"
      }
    },
    "badges": {
      "version": "4.20.0",
      "resolved": "https://registry.npmjs.org/badges/-/badges-4.20.0.tgz",
      "integrity": "sha512-ZowG1na16Ox9rO8Db4QifMI6GFa9JWfFOwusNTC/HvewITyEoC9DssvFpqSL2e7YBtDFDJwYBqg7m4OPlJLiNw==",
      "dev": true
    },
    "caterpillar": {
      "version": "6.1.0",
      "resolved": "https://registry.npmjs.org/caterpillar/-/caterpillar-6.1.0.tgz",
      "integrity": "sha512-0gISoR5oiPBJxwW+lKY2mGxkdxoE/b4n3zEEOUNgRP6Xa6UiCvC2qRWcX8yCWAC4rg2laWDa6PgrKYVnbaJQgw==",
      "dev": true,
      "requires": {
        "@bevry/ansi": "^1.2.0",
        "editions": "^3.15.0",
        "get-current-line": "^5.13.0",
        "rfc-log-levels": "^3.11.0"
      }
    },
    "coffeescript": {
      "version": "1.12.7",
      "resolved": "https://registry.npmjs.org/coffeescript/-/coffeescript-1.12.7.tgz",
      "integrity": "sha512-pLXHFxQMPklVoEekowk8b3erNynC+DVJzChxS/LCBBgR6/8AJkHivkm//zbowcfc7BTCAjryuhx6gPqPRfsFoA==",
      "dev": true
    },
    "cross-fetch": {
      "version": "3.0.5",
      "resolved": "https://registry.npmjs.org/cross-fetch/-/cross-fetch-3.0.5.tgz",
      "integrity": "sha512-FFLcLtraisj5eteosnX1gf01qYDCOc4fDy0+euOt8Kn9YBY2NtXL/pCoYPavw24NIQkQqm5ZOLsGD5Zzj0gyew==",
      "dev": true,
      "requires": {
        "node-fetch": "2.6.0"
      }
    },
    "cson-parser": {
      "version": "4.0.5",
      "resolved": "https://registry.npmjs.org/cson-parser/-/cson-parser-4.0.5.tgz",
      "integrity": "sha512-XgloWiJcHy3TeuonPJseMfZOuwDpfczIQ12xw+DS2D8TCFxbj61gVlu8Cfs6lOwucQlrJFCvBTiovBqYMwPfQw==",
      "dev": true,
      "requires": {
        "coffeescript": "^1.10.0"
      }
    },
    "diff": {
      "version": "4.0.2",
      "resolved": "https://registry.npmjs.org/diff/-/diff-4.0.2.tgz",
      "integrity": "sha512-58lmxKSA4BNyLz+HHMUzlOEpg09FV+ev6ZMe3vJihgdxzgcwZ8VoEEPmALCZG9LmqfVoNMMKpttIYTVG6uDY7A==",
      "dev": true
    },
    "eachr": {
      "version": "4.5.0",
      "resolved": "https://registry.npmjs.org/eachr/-/eachr-4.5.0.tgz",
      "integrity": "sha512-9I664RWp6p8jvcHZIwo7bWaiSaUmA1wNSLKwNZEiaYjqiTARq3cGjyRiIunsopZv4QMmX3T5Hs17QoPAzdYxfg==",
      "dev": true,
      "requires": {
        "typechecker": "^6.2.0"
      },
      "dependencies": {
        "typechecker": {
          "version": "6.4.0",
          "resolved": "https://registry.npmjs.org/typechecker/-/typechecker-6.4.0.tgz",
          "integrity": "sha512-EbOu+9szY13mhl0EsvLXnR+pTCa3gTHQQPLdce72ujcC9fRHXlVFBNXtHeRhgzLxLlKUh4zA9C0tezLDgshf+A==",
          "dev": true
        }
      }
    },
    "editions": {
      "version": "3.15.0",
      "resolved": "https://registry.npmjs.org/editions/-/editions-3.15.0.tgz",
      "integrity": "sha512-qWEHN5JsD0VXG4mxd0VpXNa9MRim/AZDDPXdgtJwYwdwuTwDoogVuHUNaT34sQF4Rf9CHfAfgAlZ1wmKaGUmqg==",
      "dev": true,
      "requires": {
        "errlop": "^3.14.0",
        "semver": "6.3.0"
      }
    },
    "errlop": {
      "version": "3.14.0",
      "resolved": "https://registry.npmjs.org/errlop/-/errlop-3.14.0.tgz",
      "integrity": "sha512-jbnZoHzl7TPOR7ug5Em1BY5RVYR8eUQPrYY0wKsdj5/qOBH3lHu+Z7HBeU2ntm7+LL9UqkbyhhoBs4HkQMBjng==",
      "dev": true
    },
    "event-emitter-grouped": {
      "version": "4.12.0",
      "resolved": "https://registry.npmjs.org/event-emitter-grouped/-/event-emitter-grouped-4.12.0.tgz",
      "integrity": "sha512-kSyzo5HNMyRVbmTlcfsj2StbJlXlFpCB6OHGn8E7S0rbU8k+XryhYUmlWjRqhlbAdeQt0m9e7cyVfZdQRU37Ww==",
      "dev": true,
      "requires": {
        "taskgroup": "^7.12.0",
        "unbounded": "^3.8.0"
      }
    },
    "extendr": {
      "version": "5.12.0",
      "resolved": "https://registry.npmjs.org/extendr/-/extendr-5.12.0.tgz",
      "integrity": "sha512-go5yGBLotm9EiaS4++XJ2OCI2ZMnoS2DCmfvUeA5oBUmiwijCBLcZfhz4YogntbmXy1/9ilsqUJUHQCHGaR1/g==",
      "dev": true,
      "requires": {
        "typechecker": "^7.11.0"
      },
      "dependencies": {
        "typechecker": {
          "version": "7.12.0",
          "resolved": "https://registry.npmjs.org/typechecker/-/typechecker-7.12.0.tgz",
          "integrity": "sha512-EeV9UrzWg3EHFy/ey+Jk3JzVQV5spXm7iZZhdQQOsgx+I4RNLrFkjpc6GkF7+st7FVOHZU5ENBypuzzAJWMayQ==",
          "dev": true
        }
      }
    },
    "fellow": {
      "version": "6.17.0",
      "resolved": "https://registry.npmjs.org/fellow/-/fellow-6.17.0.tgz",
      "integrity": "sha512-Wnq9PEKeCsueXhxLPJrn4JlSpGUguuG1N0QJnsUtmiVNeRlK6kSEyT6ezEjVJmMjVLHiOOBOIblGnTPMDKX9Pg==",
      "dev": true
    },
    "filename-reserved-regex": {
      "version": "2.0.0",
      "resolved": "https://registry.npmjs.org/filename-reserved-regex/-/filename-reserved-regex-2.0.0.tgz",
      "integrity": "sha1-q/c9+rc10EVECr/qLZHzieu/oik=",
      "dev": true
    },
    "get-cli-arg": {
      "version": "6.5.0",
      "resolved": "https://registry.npmjs.org/get-cli-arg/-/get-cli-arg-6.5.0.tgz",
      "integrity": "sha512-39ig/rRZjibbGPKWRFiYPs0nNrUgyfkCv9Aw6ArHFn+t2+Jfk+z7WU3oJkzEVlnWwCAnbEMsb6wrPe02R9Q0JQ==",
      "dev": true,
      "requires": {
        "normalify": "^2.16.0"
      }
    },
    "get-current-line": {
      "version": "5.14.0",
      "resolved": "https://registry.npmjs.org/get-current-line/-/get-current-line-5.14.0.tgz",
      "integrity": "sha512-Kx+CLHiMpdLx2dJ+44nd2sK0L1LibzEl4dVpXY6fAR2T0k5wybMY3ujhhhN8DNJZgOAYPgsSh5WaK0SaTE6J/Q==",
      "dev": true
    },
    "getcontributors": {
      "version": "2.19.0",
      "resolved": "https://registry.npmjs.org/getcontributors/-/getcontributors-2.19.0.tgz",
      "integrity": "sha512-n4Eyewu9LMMkt3SbH2qGig/CCXqswU3lVDy9t/x/ZSiPa92C2qUxKmZaFq/H9mAkd4h3GJnnCNBB3W2kzAJGjw==",
      "dev": true,
      "requires": {
        "cross-fetch": "^3.0.5",
        "fellow": "^6.17.0",
        "getrepos": "^5.12.0",
        "githubauthreq": "^5.14.1",
        "simplytyped": "^3.3.0"
      }
    },
    "getrepos": {
      "version": "5.13.0",
      "resolved": "https://registry.npmjs.org/getrepos/-/getrepos-5.13.0.tgz",
      "integrity": "sha512-OBG+izRM7CrWFjwR+Py7PBF0Co9WVCyZw7EuLTrxugVwxbFToN4BgnbFndbsB/PU5droQnEgw2a8NXz7/AnVKA==",
      "dev": true,
      "requires": {
        "cross-fetch": "^3.0.5",
        "githubauthreq": "^5.14.1",
        "native-promise-pool": "^3.11.0",
        "simplytyped": "^3.3.0"
      }
    },
    "githubauthreq": {
      "version": "5.15.0",
      "resolved": "https://registry.npmjs.org/githubauthreq/-/githubauthreq-5.15.0.tgz",
      "integrity": "sha512-LnW5KHiCfIAy6pSGXtwwGm/7e09h1qpNsp3ChBCW4shWC/3OiAD7b55QnBmzLxpTH3NmnohKSQ+17V4hn8nESQ==",
      "dev": true,
      "requires": {
        "editions": "^3.14.0",
        "simplytyped": "^3.3.0"
      }
    },
    "kava": {
      "version": "5.9.0",
      "resolved": "https://registry.npmjs.org/kava/-/kava-5.9.0.tgz",
      "integrity": "sha512-JCTXlC0CaHuEW2/qsDxcUm14ud7JSxl17y1x3sNGvQ7MPla6htBbPxyTChLKOCNLawkPu1J76YLsym06teMHHA==",
      "dev": true,
      "requires": {
        "event-emitter-grouped": "^4.12.0",
        "taskgroup": "^7.12.0"
      }
    },
    "native-promise-pool": {
      "version": "3.12.0",
      "resolved": "https://registry.npmjs.org/native-promise-pool/-/native-promise-pool-3.12.0.tgz",
      "integrity": "sha512-J5au3r0pY9JmjfKCZb+tTNN+2BNTXhCDMrFr97TeJlzsQnfiP/sjmlqM15R1t+Qs6BYqYZp+GStgE+aRJJfeew==",
      "dev": true
    },
    "node-fetch": {
      "version": "2.6.0",
      "resolved": "https://registry.npmjs.org/node-fetch/-/node-fetch-2.6.0.tgz",
      "integrity": "sha512-8dG4H5ujfvFiqDmVu9fQ5bOHUC15JMjMY/Zumv26oOvvVJjM67KF8koCWIabKQ1GJIa9r2mMZscBq/TbdOcmNA==",
      "dev": true
    },
    "normalify": {
      "version": "2.18.0",
      "resolved": "https://registry.npmjs.org/normalify/-/normalify-2.18.0.tgz",
      "integrity": "sha512-+MPI2WZvJVcmX8cGZkm+A1/hmY88LRO7ChmefiuR7UwDoKmywsupa6qbe0VmuXKesPMdViXjR4r4bWt0MIv+2g==",
      "dev": true
    },
    "projectz": {
      "version": "2.14.0",
      "resolved": "https://registry.npmjs.org/projectz/-/projectz-2.14.0.tgz",
      "integrity": "sha512-2+TbrV1MqRXTiQ85HFMqNBKxaZK4+vWKPrugitu1Z3pxuD268U0mv5kEOP8C/fm1Tc07yZuTomCY0Cv0nw9h6g==",
      "dev": true,
      "requires": {
        "badges": "^4.20.0",
        "caterpillar": "^6.1.0",
        "cson-parser": "^4.0.5",
        "errlop": "^3.15.0",
        "fellow": "^6.18.0",
        "get-cli-arg": "^6.5.0",
        "spdx-expression-parse": "^3.0.1",
        "spdx-license-list": "^6.2.0",
        "typechecker": "^7.13.0"
      },
      "dependencies": {
        "errlop": {
          "version": "3.15.0",
          "resolved": "https://registry.npmjs.org/errlop/-/errlop-3.15.0.tgz",
          "integrity": "sha512-kVoo/PhGXmmDXGjPG7vM0HZOpH/EqhiKPYJYe79f+SZjG/AFK3VpSrp10j68kLdpiUaIM4xOYNRRniMdSiYMjA==",
          "dev": true
        },
        "fellow": {
          "version": "6.18.0",
          "resolved": "https://registry.npmjs.org/fellow/-/fellow-6.18.0.tgz",
          "integrity": "sha512-7xC66P4e1Gf7uS6vk0w1LQhI8ZI7Olhuv19I5x/G3W4iYu+HpjymLb/DUsmW3rPoGfFo6GFyhO6I3gceyuikPw==",
          "dev": true
        },
        "typechecker": {
          "version": "7.13.0",
          "resolved": "https://registry.npmjs.org/typechecker/-/typechecker-7.13.0.tgz",
          "integrity": "sha512-Hyv1qjHAJ3jT/M6RVa4A8YVnC8Qy/LNm6pP55Ll6/Z2cJbGORKxMcmix2+arJ2d85XkD9CiSLMUGylhOlgqJ1A==",
          "dev": true
        }
      }
    },
    "readdir-cluster": {
      "version": "3.10.0",
      "resolved": "https://registry.npmjs.org/readdir-cluster/-/readdir-cluster-3.10.0.tgz",
      "integrity": "sha512-UPLqmUlLM6x52FlbxWZBcPjRuiyvckV6j+GXnmpgt6P2Kos5kuPM/ZcBDcEJC0VwV5z8+OsS4vCO6CFk6ivngw==",
      "dev": true
    },
    "rfc-log-levels": {
      "version": "3.12.0",
      "resolved": "https://registry.npmjs.org/rfc-log-levels/-/rfc-log-levels-3.12.0.tgz",
      "integrity": "sha512-U/Cyff7owzrQlZnaq2TVSM8rcAMEv8SthnnmuhhEer2FhEjbaYmxnRQ9zyNTBA01qJj1TYNLfpRULeT+9vL1pw==",
      "dev": true
    },
    "semver": {
      "version": "6.3.0",
      "resolved": "https://registry.npmjs.org/semver/-/semver-6.3.0.tgz",
      "integrity": "sha512-b39TBaTSfV6yBrapU89p5fKekE2m/NwnDocOVruQFS1/veMgdzuPcnOM34M6CwxW8jH/lxEa5rBoDeUwu5HHTw==",
      "dev": true
    },
    "simplytyped": {
      "version": "3.3.0",
      "resolved": "https://registry.npmjs.org/simplytyped/-/simplytyped-3.3.0.tgz",
      "integrity": "sha512-mz4RaNdKTZiaKXgi6P1k/cdsxV3gz+y1Wh2NXHWD40dExktLh4Xx/h6MFakmQWODZHj/2rKe59acacpL74ZhQA==",
      "dev": true
    },
    "spdx-exceptions": {
      "version": "2.3.0",
      "resolved": "https://registry.npmjs.org/spdx-exceptions/-/spdx-exceptions-2.3.0.tgz",
      "integrity": "sha512-/tTrYOC7PPI1nUAgx34hUpqXuyJG+DTHJTnIULG4rDygi4xu/tfgmq1e1cIRwRzwZgo4NLySi+ricLkZkw4i5A==",
      "dev": true
    },
    "spdx-expression-parse": {
      "version": "3.0.1",
      "resolved": "https://registry.npmjs.org/spdx-expression-parse/-/spdx-expression-parse-3.0.1.tgz",
      "integrity": "sha512-cbqHunsQWnJNE6KhVSMsMeH5H/L9EpymbzqTQ3uLwNCLZ1Q481oWaofqH7nO6V07xlXwY6PhQdQ2IedWx/ZK4Q==",
      "dev": true,
      "requires": {
        "spdx-exceptions": "^2.1.0",
        "spdx-license-ids": "^3.0.0"
      }
    },
    "spdx-license-ids": {
      "version": "3.0.5",
      "resolved": "https://registry.npmjs.org/spdx-license-ids/-/spdx-license-ids-3.0.5.tgz",
      "integrity": "sha512-J+FWzZoynJEXGphVIS+XEh3kFSjZX/1i9gFBaWQcB+/tmpe2qUsSBABpcxqxnAxFdiUFEgAX1bjYGQvIZmoz9Q==",
      "dev": true
    },
    "spdx-license-list": {
      "version": "6.2.0",
      "resolved": "https://registry.npmjs.org/spdx-license-list/-/spdx-license-list-6.2.0.tgz",
      "integrity": "sha512-sHM1eQz+yYrKRIO5j/tzu3yWhbouQc2RYmCn5nNC296nVztW0VSlpJvmgsWPKAMEIqjfghXy3vvIwCbEOJPSHg==",
      "dev": true
    },
    "taskgroup": {
      "version": "7.13.0",
      "resolved": "https://registry.npmjs.org/taskgroup/-/taskgroup-7.13.0.tgz",
      "integrity": "sha512-wVqt9CFK7oyY7gTXUaz8nnJQnM+uxtdaHMb0T0GDaYOqUtlriARyS8/daHCWB3j4on9YQHsjQLUdwdnwy5pSiw==",
      "dev": true,
      "requires": {
        "ambi": "3.2.0",
        "eachr": "^4.5.0",
        "extendr": "^5.12.0",
        "unbounded": "^3.8.0"
      }
    },
    "typechecker": {
      "version": "4.11.0",
      "resolved": "https://registry.npmjs.org/typechecker/-/typechecker-4.11.0.tgz",
      "integrity": "sha512-lz39Mc/d1UBcF/uQFL5P8L+oWdIn/stvkUgHf0tPRW4aEwGGErewNXo2Nb6We2WslWifn00rhcHbbRWRcTGhuw==",
      "dev": true,
      "requires": {
        "editions": "^2.2.0"
      },
      "dependencies": {
        "editions": {
          "version": "2.3.1",
          "resolved": "https://registry.npmjs.org/editions/-/editions-2.3.1.tgz",
          "integrity": "sha512-ptGvkwTvGdGfC0hfhKg0MT+TRLRKGtUiWGBInxOm5pz7ssADezahjCUaYuZ8Dr+C05FW0AECIIPt4WBxVINEhA==",
          "dev": true,
          "requires": {
            "errlop": "^2.0.0",
            "semver": "^6.3.0"
          }
        },
        "errlop": {
          "version": "2.2.0",
          "resolved": "https://registry.npmjs.org/errlop/-/errlop-2.2.0.tgz",
          "integrity": "sha512-e64Qj9+4aZzjzzFpZC7p5kmm/ccCrbLhAJplhsDXQFs87XTsXwOpH4s1Io2s90Tau/8r2j9f4l/thhDevRjzxw==",
          "dev": true
        }
      }
    },
    "unbounded": {
      "version": "3.9.0",
      "resolved": "https://registry.npmjs.org/unbounded/-/unbounded-3.9.0.tgz",
      "integrity": "sha512-ZoADOmAv2zcbz/yI6Ni/liTqga2lArNt1/Tg/moVtKA+yT8WEaepKd9ewIIg6fzM2yRnxSp0jteml1/fOu7NHg==",
      "dev": true
    },
    "valid-directory": {
      "version": "2.7.0",
      "resolved": "https://registry.npmjs.org/valid-directory/-/valid-directory-2.7.0.tgz",
      "integrity": "sha512-oZmQPs9oaHd64VN3tqjw4lCLLvATclj9Rbroq+GUFP50sZSTFNPQbZQ5L8CwsgWZ3esYX43IGp4QI60LBfEn7Q==",
      "dev": true,
      "requires": {
        "readdir-cluster": "^3.10.0",
        "valid-filename": "^3.1.0"
      }
    },
    "valid-filename": {
      "version": "3.1.0",
      "resolved": "https://registry.npmjs.org/valid-filename/-/valid-filename-3.1.0.tgz",
      "integrity": "sha512-O99sdfhdGCiWoN4cv6Unq4eJ2EuXwRsOLCeSw+IJyMYgwVK0BPmaUnzhWQw5E8qknLTVrVExCr6xxTBnRBvtsQ==",
      "dev": true,
      "requires": {
        "filename-reserved-regex": "^2.0.0"
      }
    }
  }
}
