{
  "name": "domain-browser",
  "version": "4.22.0",
  "lockfileVersion": 2,
  "requires": true,
  "packages": {
    "": {
      "version": "4.22.0",
      "license": "MIT",
      "devDependencies": {
        "@bevry/update-contributors": "^1.19.0",
        "assert-helpers": "^8.4.0",
        "kava": "^5.14.0",
        "projectz": "^2.21.0",
        "valid-directory": "^3.7.0"
      },
      "engines": {
        "node": ">=10"
      },
      "funding": {
        "url": "https://bevry.me/fund"
      }
    },
    "node_modules/@bevry/ansi": {
      "version": "3.3.0",
      "resolved": "https://registry.npmjs.org/@bevry/ansi/-/ansi-3.3.0.tgz",
      "integrity": "sha512-xBLQKWKTnfGynlrRj1y/sv6Qe0ahNls9+vATTbhEcXvRh9CrD6/AqQVB3pCdv47cm9waWdI3zArptcaEspfgVA==",
      "dev": true,
      "dependencies": {
        "editions": "^6.5.0"
      },
      "engines": {
        "node": ">=4"
      },
      "funding": {
        "url": "https://bevry.me/fund"
      }
    },
    "node_modules/@bevry/file": {
      "version": "1.1.0",
      "resolved": "https://registry.npmjs.org/@bevry/file/-/file-1.1.0.tgz",
      "integrity": "sha512-mDfnxj4PkROljUrEmWvcIxXL1KB/kjgWumNcFDjaghGbJnXaLYyp10GYHDbKgvOsjKQlRpLdO7zt5kLddNGI3Q==",
      "dev": true,
      "engines": {
        "node": ">=10"
      },
      "funding": {
        "url": "https://bevry.me/fund"
      }
    },
    "node_modules/@bevry/json": {
      "version": "1.4.0",
      "resolved": "https://registry.npmjs.org/@bevry/json/-/json-1.4.0.tgz",
      "integrity": "sha512-0Z5m7IiXTuA1GiEBlsofvELILycQtiUfWe4arQMjmiXHPALgvg+3UxTRPBKoiJyOHAEio+8k6X7e6BGZz28OlQ==",
      "dev": true,
      "dependencies": {
        "@bevry/file": "^1.1.0",
        "errlop": "^4.2.0"
      },
      "engines": {
        "node": ">=10"
      },
      "funding": {
        "url": "https://bevry.me/fund"
      }
    },
    "node_modules/@bevry/update-contributors": {
      "version": "1.19.0",
      "resolved": "https://registry.npmjs.org/@bevry/update-contributors/-/update-contributors-1.19.0.tgz",
      "integrity": "sha512-dstmLDqNIhVJATfpxFFxKA69fc9/Bjaf8PhtMIlzAE+kFYTnMASv0utjPfgNkTqtbKUFIW7NxmXSizvtrEu/ag==",
      "dev": true,
      "dependencies": {
        "getcontributors": "^2.23.0"
      },
      "bin": {
        "update-contributors": "bin.cjs"
      },
      "engines": {
        "node": ">=10"
      },
      "funding": {
        "url": "https://bevry.me/fund"
      }
    },
    "node_modules/ambi": {
      "version": "3.2.0",
      "resolved": "https://registry.npmjs.org/ambi/-/ambi-3.2.0.tgz",
      "integrity": "sha512-nj5sHLPFd7u2OLmHdFs4DHt3gK6edpNw35hTRIKyI/Vd2Th5e4io50rw1lhmCdUNO2Mm4/4FkHmv6shEANAWcw==",
      "dev": true,
      "dependencies": {
        "editions": "^2.1.0",
        "typechecker": "^4.3.0"
      },
      "engines": {
        "node": ">=0.8"
      }
    },
    "node_modules/ambi/node_modules/editions": {
      "version": "2.3.1",
      "resolved": "https://registry.npmjs.org/editions/-/editions-2.3.1.tgz",
      "integrity": "sha512-ptGvkwTvGdGfC0hfhKg0MT+TRLRKGtUiWGBInxOm5pz7ssADezahjCUaYuZ8Dr+C05FW0AECIIPt4WBxVINEhA==",
      "dev": true,
      "dependencies": {
        "errlop": "^2.0.0",
        "semver": "^6.3.0"
      },
      "engines": {
        "node": ">=0.8"
      },
      "funding": {
        "url": "https://bevry.me/fund"
      }
    },
    "node_modules/ambi/node_modules/errlop": {
      "version": "2.2.0",
      "resolved": "https://registry.npmjs.org/errlop/-/errlop-2.2.0.tgz",
      "integrity": "sha512-e64Qj9+4aZzjzzFpZC7p5kmm/ccCrbLhAJplhsDXQFs87XTsXwOpH4s1Io2s90Tau/8r2j9f4l/thhDevRjzxw==",
      "dev": true,
      "engines": {
        "node": ">=0.8"
      },
      "funding": {
        "url": "https://bevry.me/fund"
      }
    },
    "node_modules/ambi/node_modules/typechecker": {
      "version": "4.11.0",
      "resolved": "https://registry.npmjs.org/typechecker/-/typechecker-4.11.0.tgz",
      "integrity": "sha512-lz39Mc/d1UBcF/uQFL5P8L+oWdIn/stvkUgHf0tPRW4aEwGGErewNXo2Nb6We2WslWifn00rhcHbbRWRcTGhuw==",
      "dev": true,
      "dependencies": {
        "editions": "^2.2.0"
      },
      "engines": {
        "node": ">=0.8"
      },
      "funding": {
        "url": "https://bevry.me/fund"
      }
    },
    "node_modules/assert-helpers": {
      "version": "8.4.0",
      "resolved": "https://registry.npmjs.org/assert-helpers/-/assert-helpers-8.4.0.tgz",
      "integrity": "sha512-dSPOQr+QsAPplXkMymUxY+oQJnHcgxm9oKNJ2jC8pPx00HEAmHqvBok1nTfGLUSiuD/RhTjVy2iNl7Wj3YFBCg==",
      "dev": true,
      "dependencies": {
        "@bevry/ansi": "^3.3.0",
        "editions": "^6.5.0",
        "errlop": "^4.2.0"
      },
      "engines": {
        "node": ">=4"
      },
      "funding": {
        "url": "https://bevry.me/fund"
      }
    },
    "node_modules/badges": {
      "version": "4.27.0",
      "resolved": "https://registry.npmjs.org/badges/-/badges-4.27.0.tgz",
      "integrity": "sha512-zhu9/RgFiLxbNPqgoe9e6OwHS6l6DAs+Nhsk1ZBpQl+g3BJ5vFq1OZu8DV2z8Ph1cLX5nYRo/CG2F8fk6ohkBw==",
      "dev": true,
      "engines": {
        "node": ">=10"
      },
      "funding": {
        "url": "https://bevry.me/fund"
      }
    },
    "node_modules/caterpillar": {
      "version": "6.7.0",
      "resolved": "https://registry.npmjs.org/caterpillar/-/caterpillar-6.7.0.tgz",
      "integrity": "sha512-siVqKWwA1yEf5f3J+fh1jukp7ERv72ejo7HqAd4LfiQQFU4L70Jn26SvVDkvHUeyN74Ykx5dFxgYVoiEhep+nw==",
      "dev": true,
      "dependencies": {
        "@bevry/ansi": "^3.0.0",
        "get-current-line": "^6.5.0",
        "rfc-log-levels": "^3.16.0"
      },
      "engines": {
        "node": ">=10"
      },
      "funding": {
        "url": "https://bevry.me/fund"
      }
    },
    "node_modules/cross-fetch": {
      "version": "3.1.4",
      "resolved": "https://registry.npmjs.org/cross-fetch/-/cross-fetch-3.1.4.tgz",
      "integrity": "sha512-1eAtFWdIubi6T4XPy6ei9iUFoKpUkIF971QLN8lIvvvwueI65+Nw5haMNKUwfJxabqlIIDODJKGrQ66gxC0PbQ==",
      "dev": true,
      "dependencies": {
        "node-fetch": "2.6.1"
      }
    },
    "node_modules/eachr": {
      "version": "4.5.0",
      "resolved": "https://registry.npmjs.org/eachr/-/eachr-4.5.0.tgz",
      "integrity": "sha512-9I664RWp6p8jvcHZIwo7bWaiSaUmA1wNSLKwNZEiaYjqiTARq3cGjyRiIunsopZv4QMmX3T5Hs17QoPAzdYxfg==",
      "dev": true,
      "dependencies": {
        "typechecker": "^6.2.0"
      },
      "engines": {
        "node": ">=8"
      },
      "funding": {
        "url": "https://bevry.me/fund"
      }
    },
    "node_modules/eachr/node_modules/typechecker": {
      "version": "6.4.0",
      "resolved": "https://registry.npmjs.org/typechecker/-/typechecker-6.4.0.tgz",
      "integrity": "sha512-EbOu+9szY13mhl0EsvLXnR+pTCa3gTHQQPLdce72ujcC9fRHXlVFBNXtHeRhgzLxLlKUh4zA9C0tezLDgshf+A==",
      "dev": true,
      "engines": {
        "node": ">=8"
      },
      "funding": {
        "url": "https://bevry.me/fund"
      }
    },
    "node_modules/editions": {
      "version": "6.5.0",
      "resolved": "https://registry.npmjs.org/editions/-/editions-6.5.0.tgz",
      "integrity": "sha512-UnHq3dkpiuKZVZwMQnCdN4ytL2ndehyctgcM3tttmChf1Bya0bWGys96FWwzT6tkXd5Eu84YuLToqgtckrAHAA==",
      "dev": true,
      "dependencies": {
        "version-range": "^1.2.0"
      },
      "engines": {
        "node": ">=4"
      },
      "funding": {
        "url": "https://bevry.me/fund"
      }
    },
    "node_modules/errlop": {
      "version": "4.2.0",
      "resolved": "https://registry.npmjs.org/errlop/-/errlop-4.2.0.tgz",
      "integrity": "sha512-oF4tJVrFEs3NnBwi5HuxWhBp6ubwNf+vPG4MhngBPnK93BpJqPuMnfBBAyByis4IznnEq11oceCVoOCZFwjqWg==",
      "dev": true,
      "engines": {
        "node": ">=4"
      },
      "funding": {
        "url": "https://bevry.me/fund"
      }
    },
    "node_modules/event-emitter-grouped": {
      "version": "4.18.0",
      "resolved": "https://registry.npmjs.org/event-emitter-grouped/-/event-emitter-grouped-4.18.0.tgz",
      "integrity": "sha512-WVVBQsGBmk3+NyKWDmaixgfk/eWw/4RjM7pHGM/maRJe6C5MRF1/m4Y4JuQ2EPC7TUXBczxmEhNHo6ofP6ydDQ==",
      "dev": true,
      "dependencies": {
        "taskgroup": "^7.18.0",
        "unbounded": "^3.14.0"
      },
      "engines": {
        "node": ">=10"
      },
      "funding": {
        "url": "https://bevry.me/fund"
      }
    },
    "node_modules/extendr": {
      "version": "5.18.0",
      "resolved": "https://registry.npmjs.org/extendr/-/extendr-5.18.0.tgz",
      "integrity": "sha512-KOWkmls5NN3V2Qd1AmSGm2oS7xmfIp3AAhd9LfgkDp9dWa2Nn/A308y9ToHB9/cJJVABbU5lMWKBr03VZm0U3Q==",
      "dev": true,
      "dependencies": {
        "typechecker": "^7.17.0"
      },
      "engines": {
        "node": ">=10"
      },
      "funding": {
        "url": "https://bevry.me/fund"
      }
    },
    "node_modules/fellow": {
      "version": "6.23.0",
      "resolved": "https://registry.npmjs.org/fellow/-/fellow-6.23.0.tgz",
      "integrity": "sha512-sw4+kW6Smju3t6cLeUDBojP6P3ujX2Z15VuWmjB9VDUNyjid6cCUSIXSrOFUlMUBQdHGRb+zD8r7q6656WzfuQ==",
      "dev": true,
      "engines": {
        "node": ">=10"
      },
      "funding": {
        "url": "https://bevry.me/fund"
      }
    },
    "node_modules/filename-reserved-regex": {
      "version": "2.0.0",
      "resolved": "https://registry.npmjs.org/filename-reserved-regex/-/filename-reserved-regex-2.0.0.tgz",
      "integrity": "sha1-q/c9+rc10EVECr/qLZHzieu/oik=",
      "dev": true,
      "engines": {
        "node": ">=4"
      }
    },
    "node_modules/get-cli-arg": {
      "version": "7.1.0",
      "resolved": "https://registry.npmjs.org/get-cli-arg/-/get-cli-arg-7.1.0.tgz",
      "integrity": "sha512-eBwvF4ILXpXbdl4Fovzf/yOndqT1DGLGekcCra3ByzJDVdzEVeAnz8oIYTzlvn2H1NqDif/dCkrJu7mLBvt+yw==",
      "dev": true,
      "dependencies": {
        "normalify": "^2.21.0"
      },
      "engines": {
        "node": ">=10"
      },
      "funding": {
        "url": "https://bevry.me/fund"
      }
    },
    "node_modules/get-current-line": {
      "version": "6.5.0",
      "resolved": "https://registry.npmjs.org/get-current-line/-/get-current-line-6.5.0.tgz",
      "integrity": "sha512-LeoKW2967KSEqtIblUd4Gp8fxDHeQOxgxg95gr3iJc+2ozCOb1E5ZJ82lEq3Ar1l6QlnBHoDpSg1Ogs2yJ7Llw==",
      "dev": true,
      "engines": {
        "node": ">=10"
      },
      "funding": {
        "url": "https://bevry.me/fund"
      }
    },
    "node_modules/getcontributors": {
      "version": "2.23.0",
      "resolved": "https://registry.npmjs.org/getcontributors/-/getcontributors-2.23.0.tgz",
      "integrity": "sha512-UZrx/hC6ygA+w2NBZZfGBn6nxl6h7I3kdJNEIPTHIHor+t7nCl1ErAquGnYLrRA1cm1yHX/7i6BJg9LjP5WoQA==",
      "dev": true,
      "dependencies": {
        "cross-fetch": "^3.0.6",
        "fellow": "^6.21.0",
        "getrepos": "^5.16.0",
        "githubauthreq": "^5.18.0",
        "simplytyped": "^3.3.0"
      },
      "engines": {
        "node": ">=10"
      },
      "funding": {
        "url": "https://bevry.me/fund"
      }
    },
    "node_modules/getrepos": {
      "version": "5.17.0",
      "resolved": "https://registry.npmjs.org/getrepos/-/getrepos-5.17.0.tgz",
      "integrity": "sha512-ZBQ+OqP0ARIL+YDYeLqRiLSWwjtP9MK60eTRJjdsNhiV/PyffvlfaEN2w09/AnAkjjcHWV4PhW9dek5gHcZe4Q==",
      "dev": true,
      "dependencies": {
        "cross-fetch": "^3.0.6",
        "githubauthreq": "^5.18.0",
        "native-promise-pool": "^3.15.0",
        "simplytyped": "^3.3.0"
      },
      "engines": {
        "node": ">=10"
      },
      "funding": {
        "url": "https://bevry.me/fund"
      }
    },
    "node_modules/githubauthreq": {
      "version": "5.19.0",
      "resolved": "https://registry.npmjs.org/githubauthreq/-/githubauthreq-5.19.0.tgz",
      "integrity": "sha512-4kCmXqcz72MUSqOMZfvmFKzOGkJpodjRN4fR4nDPl/gTv5DEw8KWxrzJqwNKm3TJNqN5vkbJHYWq0CyDlwNlOA==",
      "dev": true,
      "dependencies": {
        "editions": "^6.1.0",
        "simplytyped": "^3.3.0"
      },
      "engines": {
        "node": ">=10"
      },
      "funding": {
        "url": "https://bevry.me/fund"
      }
    },
    "node_modules/kava": {
      "version": "5.14.0",
      "resolved": "https://registry.npmjs.org/kava/-/kava-5.14.0.tgz",
      "integrity": "sha512-45db+rQq0RGbBuILV73wiclZqdbXPQ8p4hYo69FfkjtMbcKM/qZcsNbCBEm8rCjH1LhkE28W9Q++qIHl8bKAxA==",
      "dev": true,
      "dependencies": {
        "event-emitter-grouped": "^4.17.0",
        "taskgroup": "^7.17.0"
      },
      "engines": {
        "node": ">=10"
      },
      "funding": {
        "url": "https://bevry.me/fund"
      }
    },
    "node_modules/native-promise-pool": {
      "version": "3.18.0",
      "resolved": "https://registry.npmjs.org/native-promise-pool/-/native-promise-pool-3.18.0.tgz",
      "integrity": "sha512-+nfrjyfjwthhXiX7louIJPivTPwkFAjIgB5zBgbl8CZFY1OrWX+8hauW9YjzBdRH0GFSShXP+pDVG5H8VsnIdA==",
      "dev": true,
      "engines": {
        "node": ">=10"
      },
      "funding": {
        "url": "https://bevry.me/fund"
      }
    },
    "node_modules/node-fetch": {
      "version": "2.6.1",
      "resolved": "https://registry.npmjs.org/node-fetch/-/node-fetch-2.6.1.tgz",
      "integrity": "sha512-V4aYg89jEoVRxRb2fJdAg8FHvI7cEyYdVAh94HH0UIK8oJxUfkjlDQN9RbMx+bEjP7+ggMiFRprSti032Oipxw==",
      "dev": true,
      "engines": {
        "node": "4.x || >=6.0.0"
      }
    },
    "node_modules/normalify": {
      "version": "2.22.0",
      "resolved": "https://registry.npmjs.org/normalify/-/normalify-2.22.0.tgz",
      "integrity": "sha512-bARw+HiI9Wxab9JSUcxAKE12UUPZZ/YgcYGdvyyqO9koEiJh3lRM3fVbitlA3C5DgKlAGf+XUDHT5h0dXg01Mw==",
      "dev": true,
      "engines": {
        "node": ">=10"
      },
      "funding": {
        "url": "https://bevry.me/fund"
      }
    },
    "node_modules/projectz": {
      "version": "2.21.0",
      "resolved": "https://registry.npmjs.org/projectz/-/projectz-2.21.0.tgz",
      "integrity": "sha512-C2usnr2lKSAlIEB1CmDHZJ54C9sble7x0XmEE96laaqgJXCbPengGJslGJEMS7t+w5Lm8HEtpjMz3h8S0hpmhQ==",
      "dev": true,
      "dependencies": {
        "@bevry/file": "^1.1.0",
        "@bevry/json": "^1.4.0",
        "badges": "^4.26.0",
        "caterpillar": "^6.7.0",
        "fellow": "^6.23.0",
        "get-cli-arg": "^7.1.0",
        "spdx-expression-parse": "^3.0.1",
        "spdx-license-list": "^6.4.0",
        "typechecker": "^7.17.0"
      },
      "bin": {
        "projectz": "bin.cjs"
      },
      "engines": {
        "node": ">=14"
      },
      "funding": {
        "url": "https://bevry.me/fund"
      }
    },
    "node_modules/readdir-cluster": {
      "version": "3.16.0",
      "resolved": "https://registry.npmjs.org/readdir-cluster/-/readdir-cluster-3.16.0.tgz",
      "integrity": "sha512-xBCM2uXoc72YzjTMVR6QwoqfHhXXJdAjUDYHvUnB03fAruyfPPlbiYANWFemV/tFeqeQ9s6+5TB3LpeLeeThpg==",
      "dev": true,
      "engines": {
        "node": ">=10"
      },
      "funding": {
        "url": "https://bevry.me/fund"
      }
    },
    "node_modules/rfc-log-levels": {
      "version": "3.16.0",
      "resolved": "https://registry.npmjs.org/rfc-log-levels/-/rfc-log-levels-3.16.0.tgz",
      "integrity": "sha512-4ME1+nPqaVdaBAitZvp9Y23S32rAZxRmpIfL1fOXa8KIG8kaZ+3u7H2/LyzQlF5Q5VuyCDxrN6Y4lJk+uHGd9g==",
      "dev": true,
      "engines": {
        "node": ">=10"
      },
      "funding": {
        "url": "https://bevry.me/fund"
      }
    },
    "node_modules/semver": {
      "version": "6.3.0",
      "resolved": "https://registry.npmjs.org/semver/-/semver-6.3.0.tgz",
      "integrity": "sha512-b39TBaTSfV6yBrapU89p5fKekE2m/NwnDocOVruQFS1/veMgdzuPcnOM34M6CwxW8jH/lxEa5rBoDeUwu5HHTw==",
      "dev": true,
      "bin": {
        "semver": "bin/semver.js"
      }
    },
    "node_modules/simplytyped": {
      "version": "3.3.0",
      "resolved": "https://registry.npmjs.org/simplytyped/-/simplytyped-3.3.0.tgz",
      "integrity": "sha512-mz4RaNdKTZiaKXgi6P1k/cdsxV3gz+y1Wh2NXHWD40dExktLh4Xx/h6MFakmQWODZHj/2rKe59acacpL74ZhQA==",
      "dev": true,
      "peerDependencies": {
        "typescript": ">=2.8.0"
      }
    },
    "node_modules/spdx-exceptions": {
      "version": "2.3.0",
      "resolved": "https://registry.npmjs.org/spdx-exceptions/-/spdx-exceptions-2.3.0.tgz",
      "integrity": "sha512-/tTrYOC7PPI1nUAgx34hUpqXuyJG+DTHJTnIULG4rDygi4xu/tfgmq1e1cIRwRzwZgo4NLySi+ricLkZkw4i5A==",
      "dev": true
    },
    "node_modules/spdx-expression-parse": {
      "version": "3.0.1",
      "resolved": "https://registry.npmjs.org/spdx-expression-parse/-/spdx-expression-parse-3.0.1.tgz",
      "integrity": "sha512-cbqHunsQWnJNE6KhVSMsMeH5H/L9EpymbzqTQ3uLwNCLZ1Q481oWaofqH7nO6V07xlXwY6PhQdQ2IedWx/ZK4Q==",
      "dev": true,
      "dependencies": {
        "spdx-exceptions": "^2.1.0",
        "spdx-license-ids": "^3.0.0"
      }
    },
    "node_modules/spdx-license-ids": {
      "version": "3.0.9",
      "resolved": "https://registry.npmjs.org/spdx-license-ids/-/spdx-license-ids-3.0.9.tgz",
      "integrity": "sha512-Ki212dKK4ogX+xDo4CtOZBVIwhsKBEfsEEcwmJfLQzirgc2jIWdzg40Unxz/HzEUqM1WFzVlQSMF9kZZ2HboLQ==",
      "dev": true
    },
    "node_modules/spdx-license-list": {
      "version": "6.4.0",
      "resolved": "https://registry.npmjs.org/spdx-license-list/-/spdx-license-list-6.4.0.tgz",
      "integrity": "sha512-4BxgJ1IZxTJuX1YxMGu2cRYK46Bk9zJNTK2/R0wNZR0cm+6SVl26/uG7FQmQtxoJQX1uZ0EpTi2L7zvMLboaBA==",
      "dev": true,
      "engines": {
        "node": ">=8"
      },
      "funding": {
        "url": "https://github.com/sponsors/sindresorhus"
      }
    },
    "node_modules/taskgroup": {
      "version": "7.18.0",
      "resolved": "https://registry.npmjs.org/taskgroup/-/taskgroup-7.18.0.tgz",
      "integrity": "sha512-AXCpTJGLXfM2GaR6a4qszMzmFCWWyPjFAwYKNQC4fJUlizVFgJvTHy4VfWY9kWzNkMQN5GTAbJI3MY1t2vC9NA==",
      "dev": true,
      "dependencies": {
        "ambi": "3.2.0",
        "eachr": "^4.5.0",
        "extendr": "^5.17.0",
        "unbounded": "^3.13.0"
      },
      "engines": {
        "node": ">=10"
      },
      "funding": {
        "url": "https://bevry.me/fund"
      }
    },
    "node_modules/typechecker": {
      "version": "7.17.0",
      "resolved": "https://registry.npmjs.org/typechecker/-/typechecker-7.17.0.tgz",
      "integrity": "sha512-WLoVJD+vQ5EtFtqaUmz0Yx1cybSgP7ncuErhfRWIhr/uRV4usfri8rAD1ZTGXylVGOfUeIw5s3ICsqI6FAwU6Q==",
      "dev": true,
      "engines": {
        "node": ">=10"
      },
      "funding": {
        "url": "https://bevry.me/fund"
      }
    },
    "node_modules/typescript": {
      "version": "4.3.5",
      "resolved": "https://registry.npmjs.org/typescript/-/typescript-4.3.5.tgz",
      "integrity": "sha512-DqQgihaQ9cUrskJo9kIyW/+g0Vxsk8cDtZ52a3NGh0YNTfpUSArXSohyUGnvbPazEPLu398C0UxmKSOrPumUzA==",
      "dev": true,
      "peer": true,
      "bin": {
        "tsc": "bin/tsc",
        "tsserver": "bin/tsserver"
      },
      "engines": {
        "node": ">=4.2.0"
      }
    },
    "node_modules/unbounded": {
      "version": "3.14.0",
      "resolved": "https://registry.npmjs.org/unbounded/-/unbounded-3.14.0.tgz",
      "integrity": "sha512-e0Fxqlqf+OZ5lLMhoZ/4HPP3D2H8kXAhJ04N4ui4wZ53wBQ999QXwj1uhrCqkKMWJ4OIxqZnVIINJUBa55XH6g==",
      "dev": true,
      "engines": {
        "node": ">=10"
      },
      "funding": {
        "url": "https://bevry.me/fund"
      }
    },
    "node_modules/valid-directory": {
      "version": "3.7.0",
      "resolved": "https://registry.npmjs.org/valid-directory/-/valid-directory-3.7.0.tgz",
      "integrity": "sha512-+njZw2IadhlEoCefECGBFxsuRH9g1k3NF9bh8kk1+fIF28qL+xFS9MiWUedtJdP6KoKSKMyCcdyIEGC06U1eyg==",
      "dev": true,
      "dependencies": {
        "readdir-cluster": "^3.14.0",
        "valid-filename": "^3.1.0"
      },
      "bin": {
        "valid-directory": "bin.cjs"
      },
      "engines": {
        "node": ">=10"
      },
      "funding": {
        "url": "https://bevry.me/fund"
      }
    },
    "node_modules/valid-filename": {
      "version": "3.1.0",
      "resolved": "https://registry.npmjs.org/valid-filename/-/valid-filename-3.1.0.tgz",
      "integrity": "sha512-O99sdfhdGCiWoN4cv6Unq4eJ2EuXwRsOLCeSw+IJyMYgwVK0BPmaUnzhWQw5E8qknLTVrVExCr6xxTBnRBvtsQ==",
      "dev": true,
      "dependencies": {
        "filename-reserved-regex": "^2.0.0"
      },
      "engines": {
        "node": ">=6"
      }
    },
    "node_modules/version-compare": {
      "version": "1.2.0",
      "resolved": "https://registry.npmjs.org/version-compare/-/version-compare-1.2.0.tgz",
      "integrity": "sha512-hfc76oyGqCuyofT85uDNbjt4khHijJEmU+0n5Vp6TDPg5WzorV7o8BtGyFJjJHN+5SHJM4gVpyvcdY9x/X5wSQ==",
      "dev": true,
      "engines": {
        "node": ">=4"
      },
      "funding": {
        "url": "https://bevry.me/fund"
      }
    },
    "node_modules/version-range": {
      "version": "1.2.0",
      "resolved": "https://registry.npmjs.org/version-range/-/version-range-1.2.0.tgz",
      "integrity": "sha512-dtpGs3yyiQdPLKLGunbfbNDM14g7rH5u1T+/+uyndyPuFBRrFKjMjkLwdD4PsUZlawz9i1DWFJPEw2bCKFJAhQ==",
      "dev": true,
      "dependencies": {
        "version-compare": "^1.2.0"
      },
      "engines": {
        "node": ">=4"
      },
      "funding": {
        "url": "https://bevry.me/fund"
      }
    }
  },
  "dependencies": {
    "@bevry/ansi": {
      "version": "3.3.0",
      "resolved": "https://registry.npmjs.org/@bevry/ansi/-/ansi-3.3.0.tgz",
      "integrity": "sha512-xBLQKWKTnfGynlrRj1y/sv6Qe0ahNls9+vATTbhEcXvRh9CrD6/AqQVB3pCdv47cm9waWdI3zArptcaEspfgVA==",
      "dev": true,
      "requires": {
        "editions": "^6.5.0"
      }
    },
    "@bevry/file": {
      "version": "1.1.0",
      "resolved": "https://registry.npmjs.org/@bevry/file/-/file-1.1.0.tgz",
      "integrity": "sha512-mDfnxj4PkROljUrEmWvcIxXL1KB/kjgWumNcFDjaghGbJnXaLYyp10GYHDbKgvOsjKQlRpLdO7zt5kLddNGI3Q==",
      "dev": true
    },
    "@bevry/json": {
      "version": "1.4.0",
      "resolved": "https://registry.npmjs.org/@bevry/json/-/json-1.4.0.tgz",
      "integrity": "sha512-0Z5m7IiXTuA1GiEBlsofvELILycQtiUfWe4arQMjmiXHPALgvg+3UxTRPBKoiJyOHAEio+8k6X7e6BGZz28OlQ==",
      "dev": true,
      "requires": {
        "@bevry/file": "^1.1.0",
        "errlop": "^4.2.0"
      }
    },
    "@bevry/update-contributors": {
      "version": "1.19.0",
      "resolved": "https://registry.npmjs.org/@bevry/update-contributors/-/update-contributors-1.19.0.tgz",
      "integrity": "sha512-dstmLDqNIhVJATfpxFFxKA69fc9/Bjaf8PhtMIlzAE+kFYTnMASv0utjPfgNkTqtbKUFIW7NxmXSizvtrEu/ag==",
      "dev": true,
      "requires": {
        "getcontributors": "^2.23.0"
      }
    },
    "ambi": {
      "version": "3.2.0",
      "resolved": "https://registry.npmjs.org/ambi/-/ambi-3.2.0.tgz",
      "integrity": "sha512-nj5sHLPFd7u2OLmHdFs4DHt3gK6edpNw35hTRIKyI/Vd2Th5e4io50rw1lhmCdUNO2Mm4/4FkHmv6shEANAWcw==",
      "dev": true,
      "requires": {
        "editions": "^2.1.0",
        "typechecker": "^4.3.0"
      },
      "dependencies": {
        "editions": {
          "version": "2.3.1",
          "resolved": "https://registry.npmjs.org/editions/-/editions-2.3.1.tgz",
          "integrity": "sha512-ptGvkwTvGdGfC0hfhKg0MT+TRLRKGtUiWGBInxOm5pz7ssADezahjCUaYuZ8Dr+C05FW0AECIIPt4WBxVINEhA==",
          "dev": true,
          "requires": {
            "errlop": "^2.0.0",
            "semver": "^6.3.0"
          }
        },
        "errlop": {
          "version": "2.2.0",
          "resolved": "https://registry.npmjs.org/errlop/-/errlop-2.2.0.tgz",
          "integrity": "sha512-e64Qj9+4aZzjzzFpZC7p5kmm/ccCrbLhAJplhsDXQFs87XTsXwOpH4s1Io2s90Tau/8r2j9f4l/thhDevRjzxw==",
          "dev": true
        },
        "typechecker": {
          "version": "4.11.0",
          "resolved": "https://registry.npmjs.org/typechecker/-/typechecker-4.11.0.tgz",
          "integrity": "sha512-lz39Mc/d1UBcF/uQFL5P8L+oWdIn/stvkUgHf0tPRW4aEwGGErewNXo2Nb6We2WslWifn00rhcHbbRWRcTGhuw==",
          "dev": true,
          "requires": {
            "editions": "^2.2.0"
          }
        }
      }
    },
    "assert-helpers": {
      "version": "8.4.0",
      "resolved": "https://registry.npmjs.org/assert-helpers/-/assert-helpers-8.4.0.tgz",
      "integrity": "sha512-dSPOQr+QsAPplXkMymUxY+oQJnHcgxm9oKNJ2jC8pPx00HEAmHqvBok1nTfGLUSiuD/RhTjVy2iNl7Wj3YFBCg==",
      "dev": true,
      "requires": {
        "@bevry/ansi": "^3.3.0",
        "editions": "^6.5.0",
        "errlop": "^4.2.0"
      }
    },
    "badges": {
      "version": "4.27.0",
      "resolved": "https://registry.npmjs.org/badges/-/badges-4.27.0.tgz",
      "integrity": "sha512-zhu9/RgFiLxbNPqgoe9e6OwHS6l6DAs+Nhsk1ZBpQl+g3BJ5vFq1OZu8DV2z8Ph1cLX5nYRo/CG2F8fk6ohkBw==",
      "dev": true
    },
    "caterpillar": {
      "version": "6.7.0",
      "resolved": "https://registry.npmjs.org/caterpillar/-/caterpillar-6.7.0.tgz",
      "integrity": "sha512-siVqKWwA1yEf5f3J+fh1jukp7ERv72ejo7HqAd4LfiQQFU4L70Jn26SvVDkvHUeyN74Ykx5dFxgYVoiEhep+nw==",
      "dev": true,
      "requires": {
        "@bevry/ansi": "^3.0.0",
        "get-current-line": "^6.5.0",
        "rfc-log-levels": "^3.16.0"
      }
    },
    "cross-fetch": {
      "version": "3.1.4",
      "resolved": "https://registry.npmjs.org/cross-fetch/-/cross-fetch-3.1.4.tgz",
      "integrity": "sha512-1eAtFWdIubi6T4XPy6ei9iUFoKpUkIF971QLN8lIvvvwueI65+Nw5haMNKUwfJxabqlIIDODJKGrQ66gxC0PbQ==",
      "dev": true,
      "requires": {
        "node-fetch": "2.6.1"
      }
    },
    "eachr": {
      "version": "4.5.0",
      "resolved": "https://registry.npmjs.org/eachr/-/eachr-4.5.0.tgz",
      "integrity": "sha512-9I664RWp6p8jvcHZIwo7bWaiSaUmA1wNSLKwNZEiaYjqiTARq3cGjyRiIunsopZv4QMmX3T5Hs17QoPAzdYxfg==",
      "dev": true,
      "requires": {
        "typechecker": "^6.2.0"
      },
      "dependencies": {
        "typechecker": {
          "version": "6.4.0",
          "resolved": "https://registry.npmjs.org/typechecker/-/typechecker-6.4.0.tgz",
          "integrity": "sha512-EbOu+9szY13mhl0EsvLXnR+pTCa3gTHQQPLdce72ujcC9fRHXlVFBNXtHeRhgzLxLlKUh4zA9C0tezLDgshf+A==",
          "dev": true
        }
      }
    },
    "editions": {
      "version": "6.5.0",
      "resolved": "https://registry.npmjs.org/editions/-/editions-6.5.0.tgz",
      "integrity": "sha512-UnHq3dkpiuKZVZwMQnCdN4ytL2ndehyctgcM3tttmChf1Bya0bWGys96FWwzT6tkXd5Eu84YuLToqgtckrAHAA==",
      "dev": true,
      "requires": {
        "version-range": "^1.2.0"
      }
    },
    "errlop": {
      "version": "4.2.0",
      "resolved": "https://registry.npmjs.org/errlop/-/errlop-4.2.0.tgz",
      "integrity": "sha512-oF4tJVrFEs3NnBwi5HuxWhBp6ubwNf+vPG4MhngBPnK93BpJqPuMnfBBAyByis4IznnEq11oceCVoOCZFwjqWg==",
      "dev": true
    },
    "event-emitter-grouped": {
      "version": "4.18.0",
      "resolved": "https://registry.npmjs.org/event-emitter-grouped/-/event-emitter-grouped-4.18.0.tgz",
      "integrity": "sha512-WVVBQsGBmk3+NyKWDmaixgfk/eWw/4RjM7pHGM/maRJe6C5MRF1/m4Y4JuQ2EPC7TUXBczxmEhNHo6ofP6ydDQ==",
      "dev": true,
      "requires": {
        "taskgroup": "^7.18.0",
        "unbounded": "^3.14.0"
      }
    },
    "extendr": {
      "version": "5.18.0",
      "resolved": "https://registry.npmjs.org/extendr/-/extendr-5.18.0.tgz",
      "integrity": "sha512-KOWkmls5NN3V2Qd1AmSGm2oS7xmfIp3AAhd9LfgkDp9dWa2Nn/A308y9ToHB9/cJJVABbU5lMWKBr03VZm0U3Q==",
      "dev": true,
      "requires": {
        "typechecker": "^7.17.0"
      }
    },
    "fellow": {
      "version": "6.23.0",
      "resolved": "https://registry.npmjs.org/fellow/-/fellow-6.23.0.tgz",
      "integrity": "sha512-sw4+kW6Smju3t6cLeUDBojP6P3ujX2Z15VuWmjB9VDUNyjid6cCUSIXSrOFUlMUBQdHGRb+zD8r7q6656WzfuQ==",
      "dev": true
    },
    "filename-reserved-regex": {
      "version": "2.0.0",
      "resolved": "https://registry.npmjs.org/filename-reserved-regex/-/filename-reserved-regex-2.0.0.tgz",
      "integrity": "sha1-q/c9+rc10EVECr/qLZHzieu/oik=",
      "dev": true
    },
    "get-cli-arg": {
      "version": "7.1.0",
      "resolved": "https://registry.npmjs.org/get-cli-arg/-/get-cli-arg-7.1.0.tgz",
      "integrity": "sha512-eBwvF4ILXpXbdl4Fovzf/yOndqT1DGLGekcCra3ByzJDVdzEVeAnz8oIYTzlvn2H1NqDif/dCkrJu7mLBvt+yw==",
      "dev": true,
      "requires": {
        "normalify": "^2.21.0"
      }
    },
    "get-current-line": {
      "version": "6.5.0",
      "resolved": "https://registry.npmjs.org/get-current-line/-/get-current-line-6.5.0.tgz",
      "integrity": "sha512-LeoKW2967KSEqtIblUd4Gp8fxDHeQOxgxg95gr3iJc+2ozCOb1E5ZJ82lEq3Ar1l6QlnBHoDpSg1Ogs2yJ7Llw==",
      "dev": true
    },
    "getcontributors": {
      "version": "2.23.0",
      "resolved": "https://registry.npmjs.org/getcontributors/-/getcontributors-2.23.0.tgz",
      "integrity": "sha512-UZrx/hC6ygA+w2NBZZfGBn6nxl6h7I3kdJNEIPTHIHor+t7nCl1ErAquGnYLrRA1cm1yHX/7i6BJg9LjP5WoQA==",
      "dev": true,
      "requires": {
        "cross-fetch": "^3.0.6",
        "fellow": "^6.21.0",
        "getrepos": "^5.16.0",
        "githubauthreq": "^5.18.0",
        "simplytyped": "^3.3.0"
      }
    },
    "getrepos": {
      "version": "5.17.0",
      "resolved": "https://registry.npmjs.org/getrepos/-/getrepos-5.17.0.tgz",
      "integrity": "sha512-ZBQ+OqP0ARIL+YDYeLqRiLSWwjtP9MK60eTRJjdsNhiV/PyffvlfaEN2w09/AnAkjjcHWV4PhW9dek5gHcZe4Q==",
      "dev": true,
      "requires": {
        "cross-fetch": "^3.0.6",
        "githubauthreq": "^5.18.0",
        "native-promise-pool": "^3.15.0",
        "simplytyped": "^3.3.0"
      }
    },
    "githubauthreq": {
      "version": "5.19.0",
      "resolved": "https://registry.npmjs.org/githubauthreq/-/githubauthreq-5.19.0.tgz",
      "integrity": "sha512-4kCmXqcz72MUSqOMZfvmFKzOGkJpodjRN4fR4nDPl/gTv5DEw8KWxrzJqwNKm3TJNqN5vkbJHYWq0CyDlwNlOA==",
      "dev": true,
      "requires": {
        "editions": "^6.1.0",
        "simplytyped": "^3.3.0"
      }
    },
    "kava": {
      "version": "5.14.0",
      "resolved": "https://registry.npmjs.org/kava/-/kava-5.14.0.tgz",
      "integrity": "sha512-45db+rQq0RGbBuILV73wiclZqdbXPQ8p4hYo69FfkjtMbcKM/qZcsNbCBEm8rCjH1LhkE28W9Q++qIHl8bKAxA==",
      "dev": true,
      "requires": {
        "event-emitter-grouped": "^4.17.0",
        "taskgroup": "^7.17.0"
      }
    },
    "native-promise-pool": {
      "version": "3.18.0",
      "resolved": "https://registry.npmjs.org/native-promise-pool/-/native-promise-pool-3.18.0.tgz",
      "integrity": "sha512-+nfrjyfjwthhXiX7louIJPivTPwkFAjIgB5zBgbl8CZFY1OrWX+8hauW9YjzBdRH0GFSShXP+pDVG5H8VsnIdA==",
      "dev": true
    },
    "node-fetch": {
      "version": "2.6.1",
      "resolved": "https://registry.npmjs.org/node-fetch/-/node-fetch-2.6.1.tgz",
      "integrity": "sha512-V4aYg89jEoVRxRb2fJdAg8FHvI7cEyYdVAh94HH0UIK8oJxUfkjlDQN9RbMx+bEjP7+ggMiFRprSti032Oipxw==",
      "dev": true
    },
    "normalify": {
      "version": "2.22.0",
      "resolved": "https://registry.npmjs.org/normalify/-/normalify-2.22.0.tgz",
      "integrity": "sha512-bARw+HiI9Wxab9JSUcxAKE12UUPZZ/YgcYGdvyyqO9koEiJh3lRM3fVbitlA3C5DgKlAGf+XUDHT5h0dXg01Mw==",
      "dev": true
    },
    "projectz": {
      "version": "2.21.0",
      "resolved": "https://registry.npmjs.org/projectz/-/projectz-2.21.0.tgz",
      "integrity": "sha512-C2usnr2lKSAlIEB1CmDHZJ54C9sble7x0XmEE96laaqgJXCbPengGJslGJEMS7t+w5Lm8HEtpjMz3h8S0hpmhQ==",
      "dev": true,
      "requires": {
        "@bevry/file": "^1.1.0",
        "@bevry/json": "^1.4.0",
        "badges": "^4.26.0",
        "caterpillar": "^6.7.0",
        "fellow": "^6.23.0",
        "get-cli-arg": "^7.1.0",
        "spdx-expression-parse": "^3.0.1",
        "spdx-license-list": "^6.4.0",
        "typechecker": "^7.17.0"
      }
    },
    "readdir-cluster": {
      "version": "3.16.0",
      "resolved": "https://registry.npmjs.org/readdir-cluster/-/readdir-cluster-3.16.0.tgz",
      "integrity": "sha512-xBCM2uXoc72YzjTMVR6QwoqfHhXXJdAjUDYHvUnB03fAruyfPPlbiYANWFemV/tFeqeQ9s6+5TB3LpeLeeThpg==",
      "dev": true
    },
    "rfc-log-levels": {
      "version": "3.16.0",
      "resolved": "https://registry.npmjs.org/rfc-log-levels/-/rfc-log-levels-3.16.0.tgz",
      "integrity": "sha512-4ME1+nPqaVdaBAitZvp9Y23S32rAZxRmpIfL1fOXa8KIG8kaZ+3u7H2/LyzQlF5Q5VuyCDxrN6Y4lJk+uHGd9g==",
      "dev": true
    },
    "semver": {
      "version": "6.3.0",
      "resolved": "https://registry.npmjs.org/semver/-/semver-6.3.0.tgz",
      "integrity": "sha512-b39TBaTSfV6yBrapU89p5fKekE2m/NwnDocOVruQFS1/veMgdzuPcnOM34M6CwxW8jH/lxEa5rBoDeUwu5HHTw==",
      "dev": true
    },
    "simplytyped": {
      "version": "3.3.0",
      "resolved": "https://registry.npmjs.org/simplytyped/-/simplytyped-3.3.0.tgz",
      "integrity": "sha512-mz4RaNdKTZiaKXgi6P1k/cdsxV3gz+y1Wh2NXHWD40dExktLh4Xx/h6MFakmQWODZHj/2rKe59acacpL74ZhQA==",
      "dev": true,
      "requires": {}
    },
    "spdx-exceptions": {
      "version": "2.3.0",
      "resolved": "https://registry.npmjs.org/spdx-exceptions/-/spdx-exceptions-2.3.0.tgz",
      "integrity": "sha512-/tTrYOC7PPI1nUAgx34hUpqXuyJG+DTHJTnIULG4rDygi4xu/tfgmq1e1cIRwRzwZgo4NLySi+ricLkZkw4i5A==",
      "dev": true
    },
    "spdx-expression-parse": {
      "version": "3.0.1",
      "resolved": "https://registry.npmjs.org/spdx-expression-parse/-/spdx-expression-parse-3.0.1.tgz",
      "integrity": "sha512-cbqHunsQWnJNE6KhVSMsMeH5H/L9EpymbzqTQ3uLwNCLZ1Q481oWaofqH7nO6V07xlXwY6PhQdQ2IedWx/ZK4Q==",
      "dev": true,
      "requires": {
        "spdx-exceptions": "^2.1.0",
        "spdx-license-ids": "^3.0.0"
      }
    },
    "spdx-license-ids": {
      "version": "3.0.9",
      "resolved": "https://registry.npmjs.org/spdx-license-ids/-/spdx-license-ids-3.0.9.tgz",
      "integrity": "sha512-Ki212dKK4ogX+xDo4CtOZBVIwhsKBEfsEEcwmJfLQzirgc2jIWdzg40Unxz/HzEUqM1WFzVlQSMF9kZZ2HboLQ==",
      "dev": true
    },
    "spdx-license-list": {
      "version": "6.4.0",
      "resolved": "https://registry.npmjs.org/spdx-license-list/-/spdx-license-list-6.4.0.tgz",
      "integrity": "sha512-4BxgJ1IZxTJuX1YxMGu2cRYK46Bk9zJNTK2/R0wNZR0cm+6SVl26/uG7FQmQtxoJQX1uZ0EpTi2L7zvMLboaBA==",
      "dev": true
    },
    "taskgroup": {
      "version": "7.18.0",
      "resolved": "https://registry.npmjs.org/taskgroup/-/taskgroup-7.18.0.tgz",
      "integrity": "sha512-AXCpTJGLXfM2GaR6a4qszMzmFCWWyPjFAwYKNQC4fJUlizVFgJvTHy4VfWY9kWzNkMQN5GTAbJI3MY1t2vC9NA==",
      "dev": true,
      "requires": {
        "ambi": "3.2.0",
        "eachr": "^4.5.0",
        "extendr": "^5.17.0",
        "unbounded": "^3.13.0"
      }
    },
    "typechecker": {
      "version": "7.17.0",
      "resolved": "https://registry.npmjs.org/typechecker/-/typechecker-7.17.0.tgz",
      "integrity": "sha512-WLoVJD+vQ5EtFtqaUmz0Yx1cybSgP7ncuErhfRWIhr/uRV4usfri8rAD1ZTGXylVGOfUeIw5s3ICsqI6FAwU6Q==",
      "dev": true
    },
    "typescript": {
      "version": "4.3.5",
      "resolved": "https://registry.npmjs.org/typescript/-/typescript-4.3.5.tgz",
      "integrity": "sha512-DqQgihaQ9cUrskJo9kIyW/+g0Vxsk8cDtZ52a3NGh0YNTfpUSArXSohyUGnvbPazEPLu398C0UxmKSOrPumUzA==",
      "dev": true,
      "peer": true
    },
    "unbounded": {
      "version": "3.14.0",
      "resolved": "https://registry.npmjs.org/unbounded/-/unbounded-3.14.0.tgz",
      "integrity": "sha512-e0Fxqlqf+OZ5lLMhoZ/4HPP3D2H8kXAhJ04N4ui4wZ53wBQ999QXwj1uhrCqkKMWJ4OIxqZnVIINJUBa55XH6g==",
      "dev": true
    },
    "valid-directory": {
      "version": "3.7.0",
      "resolved": "https://registry.npmjs.org/valid-directory/-/valid-directory-3.7.0.tgz",
      "integrity": "sha512-+njZw2IadhlEoCefECGBFxsuRH9g1k3NF9bh8kk1+fIF28qL+xFS9MiWUedtJdP6KoKSKMyCcdyIEGC06U1eyg==",
      "dev": true,
      "requires": {
        "readdir-cluster": "^3.14.0",
        "valid-filename": "^3.1.0"
      }
    },
    "valid-filename": {
      "version": "3.1.0",
      "resolved": "https://registry.npmjs.org/valid-filename/-/valid-filename-3.1.0.tgz",
      "integrity": "sha512-O99sdfhdGCiWoN4cv6Unq4eJ2EuXwRsOLCeSw+IJyMYgwVK0BPmaUnzhWQw5E8qknLTVrVExCr6xxTBnRBvtsQ==",
      "dev": true,
      "requires": {
        "filename-reserved-regex": "^2.0.0"
      }
    },
    "version-compare": {
      "version": "1.2.0",
      "resolved": "https://registry.npmjs.org/version-compare/-/version-compare-1.2.0.tgz",
      "integrity": "sha512-hfc76oyGqCuyofT85uDNbjt4khHijJEmU+0n5Vp6TDPg5WzorV7o8BtGyFJjJHN+5SHJM4gVpyvcdY9x/X5wSQ==",
      "dev": true
    },
    "version-range": {
      "version": "1.2.0",
      "resolved": "https://registry.npmjs.org/version-range/-/version-range-1.2.0.tgz",
      "integrity": "sha512-dtpGs3yyiQdPLKLGunbfbNDM14g7rH5u1T+/+uyndyPuFBRrFKjMjkLwdD4PsUZlawz9i1DWFJPEw2bCKFJAhQ==",
      "dev": true,
      "requires": {
        "version-compare": "^1.2.0"
      }
    }
  }
}
