{
  "name": "domain-browser",
  "version": "4.3.0",
  "lockfileVersion": 1,
  "requires": true,
  "dependencies": {
    "@bevry/update-contributors": {
      "version": "1.6.0",
      "resolved": "https://registry.npmjs.org/@bevry/update-contributors/-/update-contributors-1.6.0.tgz",
      "integrity": "sha512-nMscv+58xcPeTm+0HIut3poWQwkoI0624sFqpoSxkv/ZJRCk3RXDB/ryY3+q+4WDJ4x2piBLp9jzc1FBjsyG9A==",
      "dev": true,
      "requires": {
        "getcontributors": "^2.9.0"
      }
    },
    "@types/ansicolors": {
      "version": "0.0.33",
      "resolved": "https://registry.npmjs.org/@types/ansicolors/-/ansicolors-0.0.33.tgz",
      "integrity": "sha512-dVS1WW/BqYdwbv1H0Cgpq8ChV4VowUXz+R7pYKGEHhF+mdg/MibuE+6Et/GBxg6nfKKFVf2ZsQkyr7XNR2SqxA==",
      "dev": true
    },
    "@types/diff": {
      "version": "4.0.2",
      "resolved": "https://registry.npmjs.org/@types/diff/-/diff-4.0.2.tgz",
      "integrity": "sha512-mIenTfsIe586/yzsyfql69KRnA75S8SVXQbTLpDejRrjH0QSJcpu3AUOi/Vjnt9IOsXKxPhJfGpQUNMueIU1fQ==",
      "dev": true
    },
    "@types/node": {
      "version": "14.0.4",
      "resolved": "https://registry.npmjs.org/@types/node/-/node-14.0.4.tgz",
      "integrity": "sha512-k3NqigXWRzQZVBDS5D1U70A5E8Qk4Kh+Ha/x4M8Bt9pF0X05eggfnC9+63Usc9Q928hRUIpIhTQaXsZwZBl4Ew==",
      "dev": true
    },
    "ambi": {
      "version": "3.2.0",
      "resolved": "https://registry.npmjs.org/ambi/-/ambi-3.2.0.tgz",
      "integrity": "sha512-nj5sHLPFd7u2OLmHdFs4DHt3gK6edpNw35hTRIKyI/Vd2Th5e4io50rw1lhmCdUNO2Mm4/4FkHmv6shEANAWcw==",
      "dev": true,
      "requires": {
        "editions": "^2.1.0",
        "typechecker": "^4.3.0"
      },
      "dependencies": {
        "editions": {
          "version": "2.3.1",
          "resolved": "https://registry.npmjs.org/editions/-/editions-2.3.1.tgz",
          "integrity": "sha512-ptGvkwTvGdGfC0hfhKg0MT+TRLRKGtUiWGBInxOm5pz7ssADezahjCUaYuZ8Dr+C05FW0AECIIPt4WBxVINEhA==",
          "dev": true,
          "requires": {
            "errlop": "^2.0.0",
            "semver": "^6.3.0"
          }
        },
        "errlop": {
          "version": "2.2.0",
          "resolved": "https://registry.npmjs.org/errlop/-/errlop-2.2.0.tgz",
          "integrity": "sha512-e64Qj9+4aZzjzzFpZC7p5kmm/ccCrbLhAJplhsDXQFs87XTsXwOpH4s1Io2s90Tau/8r2j9f4l/thhDevRjzxw==",
          "dev": true
        }
      }
    },
    "ansicolors": {
      "version": "0.3.2",
      "resolved": "https://registry.npmjs.org/ansicolors/-/ansicolors-0.3.2.tgz",
      "integrity": "sha1-ZlWX3oap/+Oqm/vmyuXG6kJrSXk=",
      "dev": true
    },
    "ansistyles": {
      "version": "0.1.3",
      "resolved": "https://registry.npmjs.org/ansistyles/-/ansistyles-0.1.3.tgz",
      "integrity": "sha1-XeYEFb2gcbs3EnhUyGT0GyMlRTk=",
      "dev": true
    },
    "assert-helpers": {
      "version": "6.5.0",
      "resolved": "https://registry.npmjs.org/assert-helpers/-/assert-helpers-6.5.0.tgz",
      "integrity": "sha512-Xj9fjuYcjM4gKHAUGYDdKEuSFJIn21Nx7zp9X8585/5hunMmE84ZNg5TvMOaXQY9yhB+5Ur7G6SHbNR2HsUEkw==",
      "dev": true,
      "requires": {
        "@types/ansicolors": "^0.0.33",
        "@types/diff": "^4.0.2",
        "@types/node": "^14.0.4",
        "ansicolors": "^0.3.2",
        "diff": "^4.0.2",
        "errlop": "^3.0.0"
      }
    },
    "badges": {
      "version": "4.5.0",
      "resolved": "https://registry.npmjs.org/badges/-/badges-4.5.0.tgz",
      "integrity": "sha512-3RA5ncU7uOVdKPt6XWKGYhaFTW57x9rjCRaHwABd7C8mJpNAaOwTuDndoA7RIDGOYBc3jY//5h79z5JLBebpyg==",
      "dev": true
    },
    "caterpillar": {
      "version": "5.3.0",
      "resolved": "https://registry.npmjs.org/caterpillar/-/caterpillar-5.3.0.tgz",
      "integrity": "sha512-RlA5JIBlS/0fe1w38+8aPUVuwbsEj2Thv+mgV3panl5FaVIIhCDgrHEVF19+v/1cIAeqIOBXD2v3DGStO2VnkQ==",
      "dev": true,
      "requires": {
        "extendr": "^5.2.0",
        "get-current-line": "^5.2.0",
        "rfc-log-levels": "^3.2.0"
      }
    },
    "caterpillar-filter": {
      "version": "6.3.0",
      "resolved": "https://registry.npmjs.org/caterpillar-filter/-/caterpillar-filter-6.3.0.tgz",
      "integrity": "sha512-jQNb4jdKPXkvDKjnuCfWJmeL7cYwsjJjO/DXQ1N0f3pZ5G7AVhS6KWqsPOoXiqxq75jUH2obU/7CGj+nldHrbg==",
      "dev": true
    },
    "caterpillar-human": {
      "version": "6.3.0",
      "resolved": "https://registry.npmjs.org/caterpillar-human/-/caterpillar-human-6.3.0.tgz",
      "integrity": "sha512-0rjdtLPRg/3+lL/CH5+131eCWxW83Bc8ToeLaMD/dje+PhE0tAlhRdfnWqG6Icb2TneHE1inl7Ik3k1ONiwD2w==",
      "dev": true,
      "requires": {
        "ansicolors": "~0.3.2",
        "ansistyles": "~0.1.3"
      }
    },
    "coffeescript": {
      "version": "1.12.7",
      "resolved": "https://registry.npmjs.org/coffeescript/-/coffeescript-1.12.7.tgz",
      "integrity": "sha512-pLXHFxQMPklVoEekowk8b3erNynC+DVJzChxS/LCBBgR6/8AJkHivkm//zbowcfc7BTCAjryuhx6gPqPRfsFoA==",
      "dev": true
    },
    "cross-fetch": {
      "version": "3.0.4",
      "resolved": "https://registry.npmjs.org/cross-fetch/-/cross-fetch-3.0.4.tgz",
      "integrity": "sha512-MSHgpjQqgbT/94D4CyADeNoYh52zMkCX4pcJvPP5WqPsLFMKjr2TCMg381ox5qI0ii2dPwaLx/00477knXqXVw==",
      "dev": true,
      "requires": {
        "node-fetch": "2.6.0",
        "whatwg-fetch": "3.0.0"
      }
    },
    "cson-parser": {
      "version": "4.0.4",
      "resolved": "https://registry.npmjs.org/cson-parser/-/cson-parser-4.0.4.tgz",
      "integrity": "sha512-veObnzR9fDs/+kvio0I+jeZXjsJ9jF0jtisl7g+z9J0YzlJ0UjCaGtbUd6JgKcfBlF7RSaSb7GMJYvGqp64pcg==",
      "dev": true,
      "requires": {
        "coffeescript": "^1.10.0"
      }
    },
    "diff": {
      "version": "4.0.2",
      "resolved": "https://registry.npmjs.org/diff/-/diff-4.0.2.tgz",
      "integrity": "sha512-58lmxKSA4BNyLz+HHMUzlOEpg09FV+ev6ZMe3vJihgdxzgcwZ8VoEEPmALCZG9LmqfVoNMMKpttIYTVG6uDY7A==",
      "dev": true
    },
    "eachr": {
      "version": "4.5.0",
      "resolved": "https://registry.npmjs.org/eachr/-/eachr-4.5.0.tgz",
      "integrity": "sha512-9I664RWp6p8jvcHZIwo7bWaiSaUmA1wNSLKwNZEiaYjqiTARq3cGjyRiIunsopZv4QMmX3T5Hs17QoPAzdYxfg==",
      "dev": true,
      "requires": {
        "typechecker": "^6.2.0"
      },
      "dependencies": {
        "typechecker": {
          "version": "6.4.0",
          "resolved": "https://registry.npmjs.org/typechecker/-/typechecker-6.4.0.tgz",
          "integrity": "sha512-EbOu+9szY13mhl0EsvLXnR+pTCa3gTHQQPLdce72ujcC9fRHXlVFBNXtHeRhgzLxLlKUh4zA9C0tezLDgshf+A==",
          "dev": true
        }
      }
    },
    "editions": {
      "version": "3.0.0",
      "resolved": "https://registry.npmjs.org/editions/-/editions-3.0.0.tgz",
      "integrity": "sha512-16LD73adD0NZR7CXDTZ+wFBOSkSlVUixVeS4+JSvMaEzuEBmqy/lRXFMgb1dhPjJEYO/N+Qvm/D6ag4HhdEgDA==",
      "dev": true,
      "requires": {
        "errlop": "^3.0.0",
        "semver": "6.3.0"
      }
    },
    "errlop": {
      "version": "3.0.0",
      "resolved": "https://registry.npmjs.org/errlop/-/errlop-3.0.0.tgz",
      "integrity": "sha512-x+bfssV/oujTbYggyYraoIhVxTeUm70TwPF4MamzIbO0RGfEXDylwqUz+gm62fbwqigcHzl/Q6DvPBaHD5Xg0A==",
      "dev": true
    },
    "event-emitter-grouped": {
      "version": "4.2.0",
      "resolved": "https://registry.npmjs.org/event-emitter-grouped/-/event-emitter-grouped-4.2.0.tgz",
      "integrity": "sha512-l9w8U7kd47rEB1FdpzJQWVCXcd+/tgTMEgBH6WIHynhGJxypMdDRvLrpMEjGTdYPeq66fGAIypEQoK5NuhmQkg==",
      "dev": true,
      "requires": {
        "editions": "^3.0.0",
        "taskgroup": "^7.0.0",
        "unbounded": "^3.0.0"
      }
    },
    "extendr": {
      "version": "5.2.0",
      "resolved": "https://registry.npmjs.org/extendr/-/extendr-5.2.0.tgz",
      "integrity": "sha512-cEN3OkHX70F3MuTGBZdC9OTb6y0wIPQWf9QnPWVER+/exhK50F/wD2GWZRjmdxHL/2adD0Ko+pY9G9+1vnmu7A==",
      "dev": true,
      "requires": {
        "editions": "^3.0.0",
        "typechecker": "^7.0.0"
      },
      "dependencies": {
        "typechecker": {
          "version": "7.2.0",
          "resolved": "https://registry.npmjs.org/typechecker/-/typechecker-7.2.0.tgz",
          "integrity": "sha512-EyjjbjBNSX5vC4HyDxaZ+jdSCwY5ETKbw44VHYYiGbVm0zxoYptBc4A/gnT6JKo42TT0X40fFvrbUvAjIk/UMQ==",
          "dev": true
        }
      }
    },
    "fellow": {
      "version": "6.7.0",
      "resolved": "https://registry.npmjs.org/fellow/-/fellow-6.7.0.tgz",
      "integrity": "sha512-Krwe+lSLPMeefVHg4Uwg/LMzlNibEH/szDm0Bm/tDfJjCNc2WwJsM6a75aLN6e3/KiwKM4qa9KcqOVXjY6uFbw==",
      "dev": true
    },
    "filename-reserved-regex": {
      "version": "2.0.0",
      "resolved": "https://registry.npmjs.org/filename-reserved-regex/-/filename-reserved-regex-2.0.0.tgz",
      "integrity": "sha1-q/c9+rc10EVECr/qLZHzieu/oik=",
      "dev": true
    },
    "get-cli-arg": {
      "version": "5.1.0",
      "resolved": "https://registry.npmjs.org/get-cli-arg/-/get-cli-arg-5.1.0.tgz",
      "integrity": "sha512-oOXovxXOcKkV0e9G2+4rd6tWii90GkeXp/5pdpWuWXvUvxhYBcTZEvfgYQX6Embwi5GTPVBO2LkJezPMZVw7zg==",
      "dev": true,
      "requires": {
        "normalify": "^2.7.0"
      }
    },
    "get-current-line": {
      "version": "5.2.0",
      "resolved": "https://registry.npmjs.org/get-current-line/-/get-current-line-5.2.0.tgz",
      "integrity": "sha512-HIUwi+I7h/mZFCmhWbSF23aisxU0UQlAi7BSGoKQVQ4g7DAjF1Do5/Y7YGZlTekgV0vHbqdgyQKVerjNDLP3bQ==",
      "dev": true
    },
    "getcontributors": {
      "version": "2.9.0",
      "resolved": "https://registry.npmjs.org/getcontributors/-/getcontributors-2.9.0.tgz",
      "integrity": "sha512-EHTAYPEmUed7YrIGcPwOvzW/qs1megtO/IMmdcvdetjyXNwcuypQSinVtqWhMaJfoHB3gD2oxu3nAYixhuiScg==",
      "dev": true,
      "requires": {
        "cross-fetch": "^3.0.4",
        "fellow": "^6.7.0",
        "getrepos": "^5.2.1",
        "githubauthreq": "^5.3.0",
        "simplytyped": "^3.3.0"
      }
    },
    "getrepos": {
      "version": "5.3.0",
      "resolved": "https://registry.npmjs.org/getrepos/-/getrepos-5.3.0.tgz",
      "integrity": "sha512-aGTmfCD4YhHtJKZ2xla9DJfViFG3eo6OPKXEHHxL+QBNAIAXKZLnQw02uD5XIh8/JCDqEK2+5c/08qSi4J/PNw==",
      "dev": true,
      "requires": {
        "cross-fetch": "^3.0.4",
        "githubauthreq": "^5.3.0",
        "native-promise-pool": "^3.2.0",
        "simplytyped": "^3.3.0"
      }
    },
    "githubauthreq": {
      "version": "5.4.0",
      "resolved": "https://registry.npmjs.org/githubauthreq/-/githubauthreq-5.4.0.tgz",
      "integrity": "sha512-uAm3N2F8fX9m8Fd29kudda0y3qSKVATL4CpmEsqbUadi7IABnTIVFdYROtc4o7eDL/4KhLChC2lyGkC4eDSEdA==",
      "dev": true,
      "requires": {
        "editions": "^3.0.0",
        "simplytyped": "^3.3.0"
      }
    },
    "kava": {
      "version": "5.1.0",
      "resolved": "https://registry.npmjs.org/kava/-/kava-5.1.0.tgz",
      "integrity": "sha512-K+KohZsO+REGKR3+aFmjzpnZx1PjQ67YmDhX6/S1SVax5/zg/O4YlC4vFMyTte0hkZQz+TzdeD8wABRBBjN4gA==",
      "dev": true,
      "requires": {
        "event-emitter-grouped": "^4.2.0",
        "taskgroup": "^7.3.0"
      }
    },
    "native-promise-pool": {
      "version": "3.3.0",
      "resolved": "https://registry.npmjs.org/native-promise-pool/-/native-promise-pool-3.3.0.tgz",
      "integrity": "sha512-DVa26/CITPBa/6P3E7C98hO1EfY+W6L4V08Z1eKMlAG7cgSNLk2X+8Dlw6KzZXcgw+vwFQxM5X6ebihTeumoXw==",
      "dev": true
    },
    "node-fetch": {
      "version": "2.6.0",
      "resolved": "https://registry.npmjs.org/node-fetch/-/node-fetch-2.6.0.tgz",
      "integrity": "sha512-8dG4H5ujfvFiqDmVu9fQ5bOHUC15JMjMY/Zumv26oOvvVJjM67KF8koCWIabKQ1GJIa9r2mMZscBq/TbdOcmNA==",
      "dev": true
    },
    "normalify": {
      "version": "2.7.0",
      "resolved": "https://registry.npmjs.org/normalify/-/normalify-2.7.0.tgz",
      "integrity": "sha512-AlhYOPlLkkDlsZ2O97GOGAFk4BOP8XsQzsMDhMWbUYWat4hnv7OJFbM+yWCHnm2jI1nu1dswzpQNn4+KXrVB6w==",
      "dev": true
    },
    "projectz": {
      "version": "2.2.0",
      "resolved": "https://registry.npmjs.org/projectz/-/projectz-2.2.0.tgz",
      "integrity": "sha512-idyjbW4HQmALOcutP9klW87gDxmBRHvOOHDzlgUbXiYsRbiOFGt0JMSlEN5Pijf+/wKG5nn5BfqBlOxOyrfNPQ==",
      "dev": true,
      "requires": {
        "badges": "^4.4.0",
        "caterpillar": "^5.2.0",
        "caterpillar-filter": "^6.2.0",
        "caterpillar-human": "^6.2.0",
        "cson-parser": "^4.0.4",
        "fellow": "^6.7.0",
        "get-cli-arg": "^5.1.0",
        "spdx-expression-parse": "^3.0.1",
        "spdx-license-list": "^6.2.0",
        "typechecker": "^7.0.0"
      },
      "dependencies": {
        "typechecker": {
          "version": "7.2.0",
          "resolved": "https://registry.npmjs.org/typechecker/-/typechecker-7.2.0.tgz",
          "integrity": "sha512-EyjjbjBNSX5vC4HyDxaZ+jdSCwY5ETKbw44VHYYiGbVm0zxoYptBc4A/gnT6JKo42TT0X40fFvrbUvAjIk/UMQ==",
          "dev": true
        }
      }
    },
    "readdir-cluster": {
      "version": "3.1.0",
      "resolved": "https://registry.npmjs.org/readdir-cluster/-/readdir-cluster-3.1.0.tgz",
      "integrity": "sha512-nSW1FGrczA33PvyB/OntXda2vM9/ww1pYRKJT+RYoJKLg7ZLk/tO24gVLBcuEp8ZDWa+17JFNPNz0GtpRLhzmQ==",
      "dev": true
    },
    "rfc-log-levels": {
      "version": "3.2.0",
      "resolved": "https://registry.npmjs.org/rfc-log-levels/-/rfc-log-levels-3.2.0.tgz",
      "integrity": "sha512-KY0i3i1UV+MaE1b2rKYfZirOlCt45drJuf7dKJrJBkG02Ybqa0eC7SZvhrc4fh3pcWBeBDilj7dKdSII1c8cXA==",
      "dev": true
    },
    "semver": {
      "version": "6.3.0",
      "resolved": "https://registry.npmjs.org/semver/-/semver-6.3.0.tgz",
      "integrity": "sha512-b39TBaTSfV6yBrapU89p5fKekE2m/NwnDocOVruQFS1/veMgdzuPcnOM34M6CwxW8jH/lxEa5rBoDeUwu5HHTw==",
      "dev": true
    },
    "simplytyped": {
      "version": "3.3.0",
      "resolved": "https://registry.npmjs.org/simplytyped/-/simplytyped-3.3.0.tgz",
      "integrity": "sha512-mz4RaNdKTZiaKXgi6P1k/cdsxV3gz+y1Wh2NXHWD40dExktLh4Xx/h6MFakmQWODZHj/2rKe59acacpL74ZhQA==",
      "dev": true
    },
    "spdx-exceptions": {
      "version": "2.3.0",
      "resolved": "https://registry.npmjs.org/spdx-exceptions/-/spdx-exceptions-2.3.0.tgz",
      "integrity": "sha512-/tTrYOC7PPI1nUAgx34hUpqXuyJG+DTHJTnIULG4rDygi4xu/tfgmq1e1cIRwRzwZgo4NLySi+ricLkZkw4i5A==",
      "dev": true
    },
    "spdx-expression-parse": {
      "version": "3.0.1",
      "resolved": "https://registry.npmjs.org/spdx-expression-parse/-/spdx-expression-parse-3.0.1.tgz",
      "integrity": "sha512-cbqHunsQWnJNE6KhVSMsMeH5H/L9EpymbzqTQ3uLwNCLZ1Q481oWaofqH7nO6V07xlXwY6PhQdQ2IedWx/ZK4Q==",
      "dev": true,
      "requires": {
        "spdx-exceptions": "^2.1.0",
        "spdx-license-ids": "^3.0.0"
      }
    },
    "spdx-license-ids": {
      "version": "3.0.5",
      "resolved": "https://registry.npmjs.org/spdx-license-ids/-/spdx-license-ids-3.0.5.tgz",
      "integrity": "sha512-J+FWzZoynJEXGphVIS+XEh3kFSjZX/1i9gFBaWQcB+/tmpe2qUsSBABpcxqxnAxFdiUFEgAX1bjYGQvIZmoz9Q==",
      "dev": true
    },
    "spdx-license-list": {
      "version": "6.2.0",
      "resolved": "https://registry.npmjs.org/spdx-license-list/-/spdx-license-list-6.2.0.tgz",
      "integrity": "sha512-sHM1eQz+yYrKRIO5j/tzu3yWhbouQc2RYmCn5nNC296nVztW0VSlpJvmgsWPKAMEIqjfghXy3vvIwCbEOJPSHg==",
      "dev": true
    },
    "taskgroup": {
      "version": "7.4.0",
      "resolved": "https://registry.npmjs.org/taskgroup/-/taskgroup-7.4.0.tgz",
      "integrity": "sha512-xYZKei69BQkTKQct24tm57gvD1SGsdiOupkD3uNdAPFLpq0eB9pVAvTTxYRkOtPU8yaeB/+GYhQrI7oBx7gcMg==",
      "dev": true,
      "requires": {
        "ambi": "3.2.0",
        "eachr": "^4.5.0",
        "extendr": "^5.2.0",
        "unbounded": "^3.0.0"
      }
    },
    "typechecker": {
      "version": "4.11.0",
      "resolved": "https://registry.npmjs.org/typechecker/-/typechecker-4.11.0.tgz",
      "integrity": "sha512-lz39Mc/d1UBcF/uQFL5P8L+oWdIn/stvkUgHf0tPRW4aEwGGErewNXo2Nb6We2WslWifn00rhcHbbRWRcTGhuw==",
      "dev": true,
      "requires": {
        "editions": "^2.2.0"
      },
      "dependencies": {
        "editions": {
          "version": "2.3.1",
          "resolved": "https://registry.npmjs.org/editions/-/editions-2.3.1.tgz",
          "integrity": "sha512-ptGvkwTvGdGfC0hfhKg0MT+TRLRKGtUiWGBInxOm5pz7ssADezahjCUaYuZ8Dr+C05FW0AECIIPt4WBxVINEhA==",
          "dev": true,
          "requires": {
            "errlop": "^2.0.0",
            "semver": "^6.3.0"
          }
        },
        "errlop": {
          "version": "2.2.0",
          "resolved": "https://registry.npmjs.org/errlop/-/errlop-2.2.0.tgz",
          "integrity": "sha512-e64Qj9+4aZzjzzFpZC7p5kmm/ccCrbLhAJplhsDXQFs87XTsXwOpH4s1Io2s90Tau/8r2j9f4l/thhDevRjzxw==",
          "dev": true
        }
      }
    },
    "unbounded": {
      "version": "3.1.0",
      "resolved": "https://registry.npmjs.org/unbounded/-/unbounded-3.1.0.tgz",
      "integrity": "sha512-5wWBOjHTaWm/qg2Nd/fywMKzl5I74rKEnv5RNvLfx8KzpfilFfnneI9ySMBqA2RD/XtLzlC0KISgJZ3D+tVpMA==",
      "dev": true
    },
    "valid-directory": {
      "version": "2.0.0",
      "resolved": "https://registry.npmjs.org/valid-directory/-/valid-directory-2.0.0.tgz",
      "integrity": "sha512-ITFi6FgfXPRjyXRq5/EyuuUPNFhcf6G0JAOE7y1BMXjHoq1WrB0zFQTvYlPFmpqblPsC/kGQJr1DDFcqug+VtQ==",
      "dev": true,
      "requires": {
        "readdir-cluster": "^3.1.0",
        "valid-filename": "^3.1.0"
      }
    },
    "valid-filename": {
      "version": "3.1.0",
      "resolved": "https://registry.npmjs.org/valid-filename/-/valid-filename-3.1.0.tgz",
      "integrity": "sha512-O99sdfhdGCiWoN4cv6Unq4eJ2EuXwRsOLCeSw+IJyMYgwVK0BPmaUnzhWQw5E8qknLTVrVExCr6xxTBnRBvtsQ==",
      "dev": true,
      "requires": {
        "filename-reserved-regex": "^2.0.0"
      }
    },
    "whatwg-fetch": {
      "version": "3.0.0",
      "resolved": "https://registry.npmjs.org/whatwg-fetch/-/whatwg-fetch-3.0.0.tgz",
      "integrity": "sha512-9GSJUgz1D4MfyKU7KRqwOjXCXTqWdFNvEr7eUBYchQiVc744mqK/MzXPNR2WsPkmkOa4ywfg8C2n8h+13Bey1Q==",
      "dev": true
    }
  }
}
